// !$*UTF8*$!
{
	archiveVersion = 1;
	classes = {
	};
	objectVersion = 48;
	objects = {

/* Begin PBXBuildFile section */
		3334CD622000630000C5EED8 /* HqUserIdInfoVC.m in Sources */ = {isa = PBXBuildFile; fileRef = 3334CD612000630000C5EED8 /* HqUserIdInfoVC.m */; };
		3334CD652000650300C5EED8 /* HqIdInfoInputView.m in Sources */ = {isa = PBXBuildFile; fileRef = 3334CD642000650300C5EED8 /* HqIdInfoInputView.m */; };
		3334CD682000743600C5EED8 /* HqAddCardVC.m in Sources */ = {isa = PBXBuildFile; fileRef = 3334CD672000743600C5EED8 /* HqAddCardVC.m */; };
		3334CD742000AE7D00C5EED8 /* HqPassWordView.m in Sources */ = {isa = PBXBuildFile; fileRef = 3334CD732000AE7D00C5EED8 /* HqPassWordView.m */; };
		3334CD792000AF3B00C5EED8 /* HqPayPasswordVC.m in Sources */ = {isa = PBXBuildFile; fileRef = 3334CD782000AF3B00C5EED8 /* HqPayPasswordVC.m */; };
		3334CD7C2000C69500C5EED8 /* HqAddCardInfoVC.m in Sources */ = {isa = PBXBuildFile; fileRef = 3334CD7B2000C69400C5EED8 /* HqAddCardInfoVC.m */; };
		8E5FCC3320034BF400B4740B /* HqHttpUtil.m in Sources */ = {isa = PBXBuildFile; fileRef = 8E5FCC3220034BF400B4740B /* HqHttpUtil.m */; };
		8E5FCC362003670A00B4740B /* HqSetLoginPassword.m in Sources */ = {isa = PBXBuildFile; fileRef = 8E5FCC352003670A00B4740B /* HqSetLoginPassword.m */; };
		8EDE164E1FFF22FF0013DD41 /* AppDelegate.m in Sources */ = {isa = PBXBuildFile; fileRef = 8EDE164D1FFF22FF0013DD41 /* AppDelegate.m */; };
		8EDE16511FFF22FF0013DD41 /* ViewController.m in Sources */ = {isa = PBXBuildFile; fileRef = 8EDE16501FFF22FF0013DD41 /* ViewController.m */; };
		8EDE16541FFF22FF0013DD41 /* Main.storyboard in Resources */ = {isa = PBXBuildFile; fileRef = 8EDE16521FFF22FF0013DD41 /* Main.storyboard */; };
		8EDE16561FFF22FF0013DD41 /* Assets.xcassets in Resources */ = {isa = PBXBuildFile; fileRef = 8EDE16551FFF22FF0013DD41 /* Assets.xcassets */; };
		8EDE16591FFF22FF0013DD41 /* LaunchScreen.storyboard in Resources */ = {isa = PBXBuildFile; fileRef = 8EDE16571FFF22FF0013DD41 /* LaunchScreen.storyboard */; };
		8EDE165C1FFF22FF0013DD41 /* main.m in Sources */ = {isa = PBXBuildFile; fileRef = 8EDE165B1FFF22FF0013DD41 /* main.m */; };
		8EDE16D81FFF23C30013DD41 /* HqAFHttpClient.m in Sources */ = {isa = PBXBuildFile; fileRef = 8EDE16641FFF23C30013DD41 /* HqAFHttpClient.m */; };
		8EDE16DB1FFF23C30013DD41 /* UITextView+Placeholder.m in Sources */ = {isa = PBXBuildFile; fileRef = 8EDE166D1FFF23C30013DD41 /* UITextView+Placeholder.m */; };
		8EDE16DC1FFF23C30013DD41 /* SGQRCode.bundle in Resources */ = {isa = PBXBuildFile; fileRef = 8EDE16711FFF23C30013DD41 /* SGQRCode.bundle */; };
		8EDE16DD1FFF23C30013DD41 /* UIImage+ImageSize.m in Sources */ = {isa = PBXBuildFile; fileRef = 8EDE16741FFF23C30013DD41 /* UIImage+ImageSize.m */; };
		8EDE16DE1FFF23C30013DD41 /* SGQRCodeHelperTool.m in Sources */ = {isa = PBXBuildFile; fileRef = 8EDE16751FFF23C30013DD41 /* SGQRCodeHelperTool.m */; };
		8EDE16DF1FFF23C30013DD41 /* SGQRCodeScanningView.m in Sources */ = {isa = PBXBuildFile; fileRef = 8EDE16761FFF23C30013DD41 /* SGQRCodeScanningView.m */; };
		8EDE16E01FFF23C30013DD41 /* SGQRCodeScanManager.m in Sources */ = {isa = PBXBuildFile; fileRef = 8EDE16771FFF23C30013DD41 /* SGQRCodeScanManager.m */; };
		8EDE16E11FFF23C30013DD41 /* SGQRCodeGenerateManager.m in Sources */ = {isa = PBXBuildFile; fileRef = 8EDE16781FFF23C30013DD41 /* SGQRCodeGenerateManager.m */; };
		8EDE16E21FFF23C30013DD41 /* SGQRCodeAlbumManager.m in Sources */ = {isa = PBXBuildFile; fileRef = 8EDE167D1FFF23C30013DD41 /* SGQRCodeAlbumManager.m */; };
		8EDE16E31FFF23C30013DD41 /* IQTextView.m in Sources */ = {isa = PBXBuildFile; fileRef = 8EDE16811FFF23C30013DD41 /* IQTextView.m */; };
		8EDE16E41FFF23C30013DD41 /* IQToolbar.m in Sources */ = {isa = PBXBuildFile; fileRef = 8EDE16851FFF23C30013DD41 /* IQToolbar.m */; };
		8EDE16E51FFF23C30013DD41 /* IQTitleBarButtonItem.m in Sources */ = {isa = PBXBuildFile; fileRef = 8EDE16871FFF23C30013DD41 /* IQTitleBarButtonItem.m */; };
		8EDE16E61FFF23C30013DD41 /* IQBarButtonItem.m in Sources */ = {isa = PBXBuildFile; fileRef = 8EDE16881FFF23C30013DD41 /* IQBarButtonItem.m */; };
		8EDE16E71FFF23C30013DD41 /* IQUIView+IQKeyboardToolbar.m in Sources */ = {isa = PBXBuildFile; fileRef = 8EDE16891FFF23C30013DD41 /* IQUIView+IQKeyboardToolbar.m */; };
		8EDE16E81FFF23C30013DD41 /* IQPreviousNextView.m in Sources */ = {isa = PBXBuildFile; fileRef = 8EDE168A1FFF23C30013DD41 /* IQPreviousNextView.m */; };
		8EDE16E91FFF23C30013DD41 /* IQKeyboardManager.bundle in Resources */ = {isa = PBXBuildFile; fileRef = 8EDE16921FFF23C30013DD41 /* IQKeyboardManager.bundle */; };
		8EDE16EA1FFF23C30013DD41 /* IQKeyboardManager.m in Sources */ = {isa = PBXBuildFile; fileRef = 8EDE16951FFF23C30013DD41 /* IQKeyboardManager.m */; };
		8EDE16EB1FFF23C30013DD41 /* IQNSArray+Sort.m in Sources */ = {isa = PBXBuildFile; fileRef = 8EDE16971FFF23C30013DD41 /* IQNSArray+Sort.m */; };
		8EDE16EC1FFF23C30013DD41 /* IQUIWindow+Hierarchy.m in Sources */ = {isa = PBXBuildFile; fileRef = 8EDE16981FFF23C30013DD41 /* IQUIWindow+Hierarchy.m */; };
		8EDE16ED1FFF23C30013DD41 /* IQUITextFieldView+Additions.m in Sources */ = {isa = PBXBuildFile; fileRef = 8EDE169A1FFF23C30013DD41 /* IQUITextFieldView+Additions.m */; };
		8EDE16EE1FFF23C30013DD41 /* IQUIScrollView+Additions.m in Sources */ = {isa = PBXBuildFile; fileRef = 8EDE169B1FFF23C30013DD41 /* IQUIScrollView+Additions.m */; };
		8EDE16EF1FFF23C30013DD41 /* IQUIView+Hierarchy.m in Sources */ = {isa = PBXBuildFile; fileRef = 8EDE169C1FFF23C30013DD41 /* IQUIView+Hierarchy.m */; };
		8EDE16F01FFF23C30013DD41 /* IQUIViewController+Additions.m in Sources */ = {isa = PBXBuildFile; fileRef = 8EDE16A11FFF23C30013DD41 /* IQUIViewController+Additions.m */; };
		8EDE16F11FFF23C30013DD41 /* IQKeyboardReturnKeyHandler.m in Sources */ = {isa = PBXBuildFile; fileRef = 8EDE16A31FFF23C30013DD41 /* IQKeyboardReturnKeyHandler.m */; };
		8EDE16F21FFF23C30013DD41 /* MBProgressHUD.m in Sources */ = {isa = PBXBuildFile; fileRef = 8EDE16A51FFF23C30013DD41 /* MBProgressHUD.m */; };
		8EDE16F31FFF23C30013DD41 /* MBProgressHUD+Add.m in Sources */ = {isa = PBXBuildFile; fileRef = 8EDE16A71FFF23C30013DD41 /* MBProgressHUD+Add.m */; };
		8EDE16F41FFF23C30013DD41 /* SVProgressHUD.m in Sources */ = {isa = PBXBuildFile; fileRef = 8EDE16AA1FFF23C30013DD41 /* SVProgressHUD.m */; };
		8EDE16F51FFF23C30013DD41 /* SVProgressHUD.bundle in Resources */ = {isa = PBXBuildFile; fileRef = 8EDE16AB1FFF23C30013DD41 /* SVProgressHUD.bundle */; };
		8EDE16F61FFF23C30013DD41 /* Dialog.m in Sources */ = {isa = PBXBuildFile; fileRef = 8EDE16AE1FFF23C30013DD41 /* Dialog.m */; };
		8EDE16F71FFF23C30013DD41 /* MBProgressHUD.bundle in Resources */ = {isa = PBXBuildFile; fileRef = 8EDE16AF1FFF23C30013DD41 /* MBProgressHUD.bundle */; };
		8EDE16F81FFF23C30013DD41 /* NSData+Extension.m in Sources */ = {isa = PBXBuildFile; fileRef = 8EDE16B31FFF23C30013DD41 /* NSData+Extension.m */; };
		8EDE16F91FFF23C30013DD41 /* NSNumber+Extension.m in Sources */ = {isa = PBXBuildFile; fileRef = 8EDE16B51FFF23C30013DD41 /* NSNumber+Extension.m */; };
		8EDE16FA1FFF23C30013DD41 /* UITextField+EnlargeTouchArea.m in Sources */ = {isa = PBXBuildFile; fileRef = 8EDE16B61FFF23C30013DD41 /* UITextField+EnlargeTouchArea.m */; };
		8EDE16FC1FFF23C30013DD41 /* HqString.m in Sources */ = {isa = PBXBuildFile; fileRef = 8EDE16BB1FFF23C30013DD41 /* HqString.m */; };
		8EDE16FD1FFF23C30013DD41 /* UILabel+ChangeLineSpaceAndWordSpace.m in Sources */ = {isa = PBXBuildFile; fileRef = 8EDE16BC1FFF23C30013DD41 /* UILabel+ChangeLineSpaceAndWordSpace.m */; };
		8EDE16FE1FFF23C30013DD41 /* NSString+Public.m in Sources */ = {isa = PBXBuildFile; fileRef = 8EDE16BD1FFF23C30013DD41 /* NSString+Public.m */; };
		8EDE16FF1FFF23C30013DD41 /* HqDateFormatter.m in Sources */ = {isa = PBXBuildFile; fileRef = 8EDE16C01FFF23C30013DD41 /* HqDateFormatter.m */; };
		8EDE17001FFF23C30013DD41 /* UIFont+HqCustomFont.m in Sources */ = {isa = PBXBuildFile; fileRef = 8EDE16C11FFF23C30013DD41 /* UIFont+HqCustomFont.m */; };
		8EDE17011FFF23C30013DD41 /* UIImage+HqImageCategory.m in Sources */ = {isa = PBXBuildFile; fileRef = 8EDE16C31FFF23C30013DD41 /* UIImage+HqImageCategory.m */; };
		8EDE17021FFF23C30013DD41 /* NSDictionary+isNULL.m in Sources */ = {isa = PBXBuildFile; fileRef = 8EDE16C41FFF23C30013DD41 /* NSDictionary+isNULL.m */; };
		8EDE17041FFF23C30013DD41 /* UITextField+LimitInput.m in Sources */ = {isa = PBXBuildFile; fileRef = 8EDE16CA1FFF23C30013DD41 /* UITextField+LimitInput.m */; };
		8EDE17051FFF23C30013DD41 /* UIButton+EnlargeTouchArea.m in Sources */ = {isa = PBXBuildFile; fileRef = 8EDE16CE1FFF23C30013DD41 /* UIButton+EnlargeTouchArea.m */; };
		8EDE17061FFF23C30013DD41 /* ProjectEnvironment.m in Sources */ = {isa = PBXBuildFile; fileRef = 8EDE16D51FFF23C30013DD41 /* ProjectEnvironment.m */; };
		8EDE17071FFF23C30013DD41 /* ProjectConst.m in Sources */ = {isa = PBXBuildFile; fileRef = 8EDE16D61FFF23C30013DD41 /* ProjectConst.m */; };
		8EDE17111FFF26830013DD41 /* SuperNavigationVC.m in Sources */ = {isa = PBXBuildFile; fileRef = 8EDE170B1FFF26830013DD41 /* SuperNavigationVC.m */; };
		8EDE17121FFF26830013DD41 /* SuperVC.m in Sources */ = {isa = PBXBuildFile; fileRef = 8EDE170C1FFF26830013DD41 /* SuperVC.m */; };
		8EDE17161FFF27A20013DD41 /* HqRootVC.m in Sources */ = {isa = PBXBuildFile; fileRef = 8EDE17141FFF27A20013DD41 /* HqRootVC.m */; };
		8EDE17191FFF28590013DD41 /* back@2x.png in Resources */ = {isa = PBXBuildFile; fileRef = 8EDE17171FFF28590013DD41 /* back@2x.png */; };
		8EDE171A1FFF28590013DD41 /* back@3x.png in Resources */ = {isa = PBXBuildFile; fileRef = 8EDE17181FFF28590013DD41 /* back@3x.png */; };
		8EDE171E1FFF2ED80013DD41 /* HqLeftView.m in Sources */ = {isa = PBXBuildFile; fileRef = 8EDE171D1FFF2ED80013DD41 /* HqLeftView.m */; };
		8EDE17211FFF31790013DD41 /* HqLeftViewCell.m in Sources */ = {isa = PBXBuildFile; fileRef = 8EDE17201FFF31790013DD41 /* HqLeftViewCell.m */; };
		8EDE17251FFF38A80013DD41 /* LoginVC.m in Sources */ = {isa = PBXBuildFile; fileRef = 8EDE17241FFF38A80013DD41 /* LoginVC.m */; };
		8EDE17291FFF38C80013DD41 /* RegistVC.m in Sources */ = {isa = PBXBuildFile; fileRef = 8EDE17281FFF38C80013DD41 /* RegistVC.m */; };
		8EDE172D1FFF38EC0013DD41 /* WecomeVC.m in Sources */ = {isa = PBXBuildFile; fileRef = 8EDE172C1FFF38EC0013DD41 /* WecomeVC.m */; };
		8EDE17301FFF41F70013DD41 /* HqInputView.m in Sources */ = {isa = PBXBuildFile; fileRef = 8EDE172F1FFF41F70013DD41 /* HqInputView.m */; };
		8EDE17351FFF64450013DD41 /* HqButton.m in Sources */ = {isa = PBXBuildFile; fileRef = 8EDE17341FFF64450013DD41 /* HqButton.m */; };
		8EDE17391FFF718F0013DD41 /* HqLineCell.m in Sources */ = {isa = PBXBuildFile; fileRef = 8EDE17371FFF718F0013DD41 /* HqLineCell.m */; };
		8EDE173C1FFF72640013DD41 /* HqHomeCell.m in Sources */ = {isa = PBXBuildFile; fileRef = 8EDE173B1FFF72640013DD41 /* HqHomeCell.m */; };
		8EDE17401FFF7A910013DD41 /* HqScanPayVC.m in Sources */ = {isa = PBXBuildFile; fileRef = 8EDE173F1FFF7A910013DD41 /* HqScanPayVC.m */; };
		8EDE17441FFF87080013DD41 /* HqCardsVC.m in Sources */ = {isa = PBXBuildFile; fileRef = 8EDE17431FFF87080013DD41 /* HqCardsVC.m */; };
		8EDE17481FFF87A50013DD41 /* HqCardCell.m in Sources */ = {isa = PBXBuildFile; fileRef = 8EDE17471FFF87A50013DD41 /* HqCardCell.m */; };
		EEA5C3276F85C54EE3923D6E /* libPods-QRCode.a in Frameworks */ = {isa = PBXBuildFile; fileRef = 8A1F463273FB3E3E6DE6208B /* libPods-QRCode.a */; };
/* End PBXBuildFile section */

/* Begin PBXFileReference section */
		3334CD602000630000C5EED8 /* HqUserIdInfoVC.h */ = {isa = PBXFileReference; lastKnownFileType = sourcecode.c.h; path = HqUserIdInfoVC.h; sourceTree = "<group>"; };
		3334CD612000630000C5EED8 /* HqUserIdInfoVC.m */ = {isa = PBXFileReference; lastKnownFileType = sourcecode.c.objc; path = HqUserIdInfoVC.m; sourceTree = "<group>"; };
		3334CD632000650300C5EED8 /* HqIdInfoInputView.h */ = {isa = PBXFileReference; lastKnownFileType = sourcecode.c.h; path = HqIdInfoInputView.h; sourceTree = "<group>"; };
		3334CD642000650300C5EED8 /* HqIdInfoInputView.m */ = {isa = PBXFileReference; lastKnownFileType = sourcecode.c.objc; path = HqIdInfoInputView.m; sourceTree = "<group>"; };
		3334CD662000743600C5EED8 /* HqAddCardVC.h */ = {isa = PBXFileReference; lastKnownFileType = sourcecode.c.h; path = HqAddCardVC.h; sourceTree = "<group>"; };
		3334CD672000743600C5EED8 /* HqAddCardVC.m */ = {isa = PBXFileReference; lastKnownFileType = sourcecode.c.objc; path = HqAddCardVC.m; sourceTree = "<group>"; };
		3334CD722000AE7D00C5EED8 /* HqPassWordView.h */ = {isa = PBXFileReference; fileEncoding = 4; lastKnownFileType = sourcecode.c.h; path = HqPassWordView.h; sourceTree = "<group>"; };
		3334CD732000AE7D00C5EED8 /* HqPassWordView.m */ = {isa = PBXFileReference; fileEncoding = 4; lastKnownFileType = sourcecode.c.objc; path = HqPassWordView.m; sourceTree = "<group>"; };
		3334CD772000AF3B00C5EED8 /* HqPayPasswordVC.h */ = {isa = PBXFileReference; lastKnownFileType = sourcecode.c.h; path = HqPayPasswordVC.h; sourceTree = "<group>"; };
		3334CD782000AF3B00C5EED8 /* HqPayPasswordVC.m */ = {isa = PBXFileReference; lastKnownFileType = sourcecode.c.objc; path = HqPayPasswordVC.m; sourceTree = "<group>"; };
		3334CD7A2000C69400C5EED8 /* HqAddCardInfoVC.h */ = {isa = PBXFileReference; lastKnownFileType = sourcecode.c.h; path = HqAddCardInfoVC.h; sourceTree = "<group>"; };
		3334CD7B2000C69400C5EED8 /* HqAddCardInfoVC.m */ = {isa = PBXFileReference; lastKnownFileType = sourcecode.c.objc; path = HqAddCardInfoVC.m; sourceTree = "<group>"; };
		4BD802C28DBA1070B041B7DF /* Pods-QRCode.release.xcconfig */ = {isa = PBXFileReference; includeInIndex = 1; lastKnownFileType = text.xcconfig; name = "Pods-QRCode.release.xcconfig"; path = "Pods/Target Support Files/Pods-QRCode/Pods-QRCode.release.xcconfig"; sourceTree = "<group>"; };
		8A1F463273FB3E3E6DE6208B /* libPods-QRCode.a */ = {isa = PBXFileReference; explicitFileType = archive.ar; includeInIndex = 0; path = "libPods-QRCode.a"; sourceTree = BUILT_PRODUCTS_DIR; };
		8E5FCC3120034BF400B4740B /* HqHttpUtil.h */ = {isa = PBXFileReference; lastKnownFileType = sourcecode.c.h; path = HqHttpUtil.h; sourceTree = "<group>"; };
		8E5FCC3220034BF400B4740B /* HqHttpUtil.m */ = {isa = PBXFileReference; lastKnownFileType = sourcecode.c.objc; path = HqHttpUtil.m; sourceTree = "<group>"; };
		8E5FCC342003670900B4740B /* HqSetLoginPassword.h */ = {isa = PBXFileReference; lastKnownFileType = sourcecode.c.h; path = HqSetLoginPassword.h; sourceTree = "<group>"; };
		8E5FCC352003670A00B4740B /* HqSetLoginPassword.m */ = {isa = PBXFileReference; lastKnownFileType = sourcecode.c.objc; path = HqSetLoginPassword.m; sourceTree = "<group>"; };
		8EDE16491FFF22FF0013DD41 /* QRCode.app */ = {isa = PBXFileReference; explicitFileType = wrapper.application; includeInIndex = 0; path = QRCode.app; sourceTree = BUILT_PRODUCTS_DIR; };
		8EDE164C1FFF22FF0013DD41 /* AppDelegate.h */ = {isa = PBXFileReference; lastKnownFileType = sourcecode.c.h; path = AppDelegate.h; sourceTree = "<group>"; };
		8EDE164D1FFF22FF0013DD41 /* AppDelegate.m */ = {isa = PBXFileReference; lastKnownFileType = sourcecode.c.objc; path = AppDelegate.m; sourceTree = "<group>"; };
		8EDE164F1FFF22FF0013DD41 /* ViewController.h */ = {isa = PBXFileReference; lastKnownFileType = sourcecode.c.h; path = ViewController.h; sourceTree = "<group>"; };
		8EDE16501FFF22FF0013DD41 /* ViewController.m */ = {isa = PBXFileReference; lastKnownFileType = sourcecode.c.objc; path = ViewController.m; sourceTree = "<group>"; };
		8EDE16531FFF22FF0013DD41 /* Base */ = {isa = PBXFileReference; lastKnownFileType = file.storyboard; name = Base; path = Base.lproj/Main.storyboard; sourceTree = "<group>"; };
		8EDE16551FFF22FF0013DD41 /* Assets.xcassets */ = {isa = PBXFileReference; lastKnownFileType = folder.assetcatalog; path = Assets.xcassets; sourceTree = "<group>"; };
		8EDE16581FFF22FF0013DD41 /* Base */ = {isa = PBXFileReference; lastKnownFileType = file.storyboard; name = Base; path = Base.lproj/LaunchScreen.storyboard; sourceTree = "<group>"; };
		8EDE165A1FFF22FF0013DD41 /* Info.plist */ = {isa = PBXFileReference; lastKnownFileType = text.plist.xml; path = Info.plist; sourceTree = "<group>"; };
		8EDE165B1FFF22FF0013DD41 /* main.m */ = {isa = PBXFileReference; lastKnownFileType = sourcecode.c.objc; path = main.m; sourceTree = "<group>"; };
		8EDE16631FFF23C30013DD41 /* HqAFHttpClient.h */ = {isa = PBXFileReference; fileEncoding = 4; lastKnownFileType = sourcecode.c.h; path = HqAFHttpClient.h; sourceTree = "<group>"; };
		8EDE16641FFF23C30013DD41 /* HqAFHttpClient.m */ = {isa = PBXFileReference; fileEncoding = 4; lastKnownFileType = sourcecode.c.objc; path = HqAFHttpClient.m; sourceTree = "<group>"; };
		8EDE166D1FFF23C30013DD41 /* UITextView+Placeholder.m */ = {isa = PBXFileReference; fileEncoding = 4; lastKnownFileType = sourcecode.c.objc; path = "UITextView+Placeholder.m"; sourceTree = "<group>"; };
		8EDE166E1FFF23C30013DD41 /* UITextView+Placeholder.h */ = {isa = PBXFileReference; fileEncoding = 4; lastKnownFileType = sourcecode.c.h; path = "UITextView+Placeholder.h"; sourceTree = "<group>"; };
		8EDE16701FFF23C30013DD41 /* SGQRCode.h */ = {isa = PBXFileReference; fileEncoding = 4; lastKnownFileType = sourcecode.c.h; path = SGQRCode.h; sourceTree = "<group>"; };
		8EDE16711FFF23C30013DD41 /* SGQRCode.bundle */ = {isa = PBXFileReference; lastKnownFileType = "wrapper.plug-in"; path = SGQRCode.bundle; sourceTree = "<group>"; };
		8EDE16731FFF23C30013DD41 /* UIImage+ImageSize.h */ = {isa = PBXFileReference; fileEncoding = 4; lastKnownFileType = sourcecode.c.h; path = "UIImage+ImageSize.h"; sourceTree = "<group>"; };
		8EDE16741FFF23C30013DD41 /* UIImage+ImageSize.m */ = {isa = PBXFileReference; fileEncoding = 4; lastKnownFileType = sourcecode.c.objc; path = "UIImage+ImageSize.m"; sourceTree = "<group>"; };
		8EDE16751FFF23C30013DD41 /* SGQRCodeHelperTool.m */ = {isa = PBXFileReference; fileEncoding = 4; lastKnownFileType = sourcecode.c.objc; path = SGQRCodeHelperTool.m; sourceTree = "<group>"; };
		8EDE16761FFF23C30013DD41 /* SGQRCodeScanningView.m */ = {isa = PBXFileReference; fileEncoding = 4; lastKnownFileType = sourcecode.c.objc; path = SGQRCodeScanningView.m; sourceTree = "<group>"; };
		8EDE16771FFF23C30013DD41 /* SGQRCodeScanManager.m */ = {isa = PBXFileReference; fileEncoding = 4; lastKnownFileType = sourcecode.c.objc; path = SGQRCodeScanManager.m; sourceTree = "<group>"; };
		8EDE16781FFF23C30013DD41 /* SGQRCodeGenerateManager.m */ = {isa = PBXFileReference; fileEncoding = 4; lastKnownFileType = sourcecode.c.objc; path = SGQRCodeGenerateManager.m; sourceTree = "<group>"; };
		8EDE16791FFF23C30013DD41 /* SGQRCodeAlbumManager.h */ = {isa = PBXFileReference; fileEncoding = 4; lastKnownFileType = sourcecode.c.h; path = SGQRCodeAlbumManager.h; sourceTree = "<group>"; };
		8EDE167A1FFF23C30013DD41 /* SGQRCodeHelperTool.h */ = {isa = PBXFileReference; fileEncoding = 4; lastKnownFileType = sourcecode.c.h; path = SGQRCodeHelperTool.h; sourceTree = "<group>"; };
		8EDE167B1FFF23C30013DD41 /* SGQRCodeScanningView.h */ = {isa = PBXFileReference; fileEncoding = 4; lastKnownFileType = sourcecode.c.h; path = SGQRCodeScanningView.h; sourceTree = "<group>"; };
		8EDE167C1FFF23C30013DD41 /* SGQRCodeScanManager.h */ = {isa = PBXFileReference; fileEncoding = 4; lastKnownFileType = sourcecode.c.h; path = SGQRCodeScanManager.h; sourceTree = "<group>"; };
		8EDE167D1FFF23C30013DD41 /* SGQRCodeAlbumManager.m */ = {isa = PBXFileReference; fileEncoding = 4; lastKnownFileType = sourcecode.c.objc; path = SGQRCodeAlbumManager.m; sourceTree = "<group>"; };
		8EDE167E1FFF23C30013DD41 /* SGQRCodeGenerateManager.h */ = {isa = PBXFileReference; fileEncoding = 4; lastKnownFileType = sourcecode.c.h; path = SGQRCodeGenerateManager.h; sourceTree = "<group>"; };
		8EDE16811FFF23C30013DD41 /* IQTextView.m */ = {isa = PBXFileReference; fileEncoding = 4; lastKnownFileType = sourcecode.c.objc; path = IQTextView.m; sourceTree = "<group>"; };
		8EDE16821FFF23C30013DD41 /* IQTextView.h */ = {isa = PBXFileReference; fileEncoding = 4; lastKnownFileType = sourcecode.c.h; path = IQTextView.h; sourceTree = "<group>"; };
		8EDE16841FFF23C30013DD41 /* IQUIView+IQKeyboardToolbar.h */ = {isa = PBXFileReference; fileEncoding = 4; lastKnownFileType = sourcecode.c.h; path = "IQUIView+IQKeyboardToolbar.h"; sourceTree = "<group>"; };
		8EDE16851FFF23C30013DD41 /* IQToolbar.m */ = {isa = PBXFileReference; fileEncoding = 4; lastKnownFileType = sourcecode.c.objc; path = IQToolbar.m; sourceTree = "<group>"; };
		8EDE16861FFF23C30013DD41 /* IQPreviousNextView.h */ = {isa = PBXFileReference; fileEncoding = 4; lastKnownFileType = sourcecode.c.h; path = IQPreviousNextView.h; sourceTree = "<group>"; };
		8EDE16871FFF23C30013DD41 /* IQTitleBarButtonItem.m */ = {isa = PBXFileReference; fileEncoding = 4; lastKnownFileType = sourcecode.c.objc; path = IQTitleBarButtonItem.m; sourceTree = "<group>"; };
		8EDE16881FFF23C30013DD41 /* IQBarButtonItem.m */ = {isa = PBXFileReference; fileEncoding = 4; lastKnownFileType = sourcecode.c.objc; path = IQBarButtonItem.m; sourceTree = "<group>"; };
		8EDE16891FFF23C30013DD41 /* IQUIView+IQKeyboardToolbar.m */ = {isa = PBXFileReference; fileEncoding = 4; lastKnownFileType = sourcecode.c.objc; path = "IQUIView+IQKeyboardToolbar.m"; sourceTree = "<group>"; };
		8EDE168A1FFF23C30013DD41 /* IQPreviousNextView.m */ = {isa = PBXFileReference; fileEncoding = 4; lastKnownFileType = sourcecode.c.objc; path = IQPreviousNextView.m; sourceTree = "<group>"; };
		8EDE168B1FFF23C30013DD41 /* IQToolbar.h */ = {isa = PBXFileReference; fileEncoding = 4; lastKnownFileType = sourcecode.c.h; path = IQToolbar.h; sourceTree = "<group>"; };
		8EDE168C1FFF23C30013DD41 /* IQBarButtonItem.h */ = {isa = PBXFileReference; fileEncoding = 4; lastKnownFileType = sourcecode.c.h; path = IQBarButtonItem.h; sourceTree = "<group>"; };
		8EDE168D1FFF23C30013DD41 /* IQTitleBarButtonItem.h */ = {isa = PBXFileReference; fileEncoding = 4; lastKnownFileType = sourcecode.c.h; path = IQTitleBarButtonItem.h; sourceTree = "<group>"; };
		8EDE168F1FFF23C30013DD41 /* IQKeyboardManagerConstantsInternal.h */ = {isa = PBXFileReference; fileEncoding = 4; lastKnownFileType = sourcecode.c.h; path = IQKeyboardManagerConstantsInternal.h; sourceTree = "<group>"; };
		8EDE16901FFF23C30013DD41 /* IQKeyboardManagerConstants.h */ = {isa = PBXFileReference; fileEncoding = 4; lastKnownFileType = sourcecode.c.h; path = IQKeyboardManagerConstants.h; sourceTree = "<group>"; };
		8EDE16921FFF23C30013DD41 /* IQKeyboardManager.bundle */ = {isa = PBXFileReference; lastKnownFileType = "wrapper.plug-in"; path = IQKeyboardManager.bundle; sourceTree = "<group>"; };
		8EDE16931FFF23C30013DD41 /* IQKeyboardReturnKeyHandler.h */ = {isa = PBXFileReference; fileEncoding = 4; lastKnownFileType = sourcecode.c.h; path = IQKeyboardReturnKeyHandler.h; sourceTree = "<group>"; };
		8EDE16941FFF23C30013DD41 /* IQKeyboardManager.h */ = {isa = PBXFileReference; fileEncoding = 4; lastKnownFileType = sourcecode.c.h; path = IQKeyboardManager.h; sourceTree = "<group>"; };
		8EDE16951FFF23C30013DD41 /* IQKeyboardManager.m */ = {isa = PBXFileReference; fileEncoding = 4; lastKnownFileType = sourcecode.c.objc; path = IQKeyboardManager.m; sourceTree = "<group>"; };
		8EDE16971FFF23C30013DD41 /* IQNSArray+Sort.m */ = {isa = PBXFileReference; fileEncoding = 4; lastKnownFileType = sourcecode.c.objc; path = "IQNSArray+Sort.m"; sourceTree = "<group>"; };
		8EDE16981FFF23C30013DD41 /* IQUIWindow+Hierarchy.m */ = {isa = PBXFileReference; fileEncoding = 4; lastKnownFileType = sourcecode.c.objc; path = "IQUIWindow+Hierarchy.m"; sourceTree = "<group>"; };
		8EDE16991FFF23C30013DD41 /* IQUIViewController+Additions.h */ = {isa = PBXFileReference; fileEncoding = 4; lastKnownFileType = sourcecode.c.h; path = "IQUIViewController+Additions.h"; sourceTree = "<group>"; };
		8EDE169A1FFF23C30013DD41 /* IQUITextFieldView+Additions.m */ = {isa = PBXFileReference; fileEncoding = 4; lastKnownFileType = sourcecode.c.objc; path = "IQUITextFieldView+Additions.m"; sourceTree = "<group>"; };
		8EDE169B1FFF23C30013DD41 /* IQUIScrollView+Additions.m */ = {isa = PBXFileReference; fileEncoding = 4; lastKnownFileType = sourcecode.c.objc; path = "IQUIScrollView+Additions.m"; sourceTree = "<group>"; };
		8EDE169C1FFF23C30013DD41 /* IQUIView+Hierarchy.m */ = {isa = PBXFileReference; fileEncoding = 4; lastKnownFileType = sourcecode.c.objc; path = "IQUIView+Hierarchy.m"; sourceTree = "<group>"; };
		8EDE169D1FFF23C30013DD41 /* IQUIWindow+Hierarchy.h */ = {isa = PBXFileReference; fileEncoding = 4; lastKnownFileType = sourcecode.c.h; path = "IQUIWindow+Hierarchy.h"; sourceTree = "<group>"; };
		8EDE169E1FFF23C30013DD41 /* IQNSArray+Sort.h */ = {isa = PBXFileReference; fileEncoding = 4; lastKnownFileType = sourcecode.c.h; path = "IQNSArray+Sort.h"; sourceTree = "<group>"; };
		8EDE169F1FFF23C30013DD41 /* IQUIScrollView+Additions.h */ = {isa = PBXFileReference; fileEncoding = 4; lastKnownFileType = sourcecode.c.h; path = "IQUIScrollView+Additions.h"; sourceTree = "<group>"; };
		8EDE16A01FFF23C30013DD41 /* IQUITextFieldView+Additions.h */ = {isa = PBXFileReference; fileEncoding = 4; lastKnownFileType = sourcecode.c.h; path = "IQUITextFieldView+Additions.h"; sourceTree = "<group>"; };
		8EDE16A11FFF23C30013DD41 /* IQUIViewController+Additions.m */ = {isa = PBXFileReference; fileEncoding = 4; lastKnownFileType = sourcecode.c.objc; path = "IQUIViewController+Additions.m"; sourceTree = "<group>"; };
		8EDE16A21FFF23C30013DD41 /* IQUIView+Hierarchy.h */ = {isa = PBXFileReference; fileEncoding = 4; lastKnownFileType = sourcecode.c.h; path = "IQUIView+Hierarchy.h"; sourceTree = "<group>"; };
		8EDE16A31FFF23C30013DD41 /* IQKeyboardReturnKeyHandler.m */ = {isa = PBXFileReference; fileEncoding = 4; lastKnownFileType = sourcecode.c.objc; path = IQKeyboardReturnKeyHandler.m; sourceTree = "<group>"; };
		8EDE16A51FFF23C30013DD41 /* MBProgressHUD.m */ = {isa = PBXFileReference; fileEncoding = 4; lastKnownFileType = sourcecode.c.objc; path = MBProgressHUD.m; sourceTree = "<group>"; };
		8EDE16A61FFF23C30013DD41 /* Dialog.h */ = {isa = PBXFileReference; fileEncoding = 4; lastKnownFileType = sourcecode.c.h; path = Dialog.h; sourceTree = "<group>"; };
		8EDE16A71FFF23C30013DD41 /* MBProgressHUD+Add.m */ = {isa = PBXFileReference; fileEncoding = 4; lastKnownFileType = sourcecode.c.objc; path = "MBProgressHUD+Add.m"; sourceTree = "<group>"; };
		8EDE16A91FFF23C30013DD41 /* SVProgressHUD.h */ = {isa = PBXFileReference; fileEncoding = 4; lastKnownFileType = sourcecode.c.h; path = SVProgressHUD.h; sourceTree = "<group>"; };
		8EDE16AA1FFF23C30013DD41 /* SVProgressHUD.m */ = {isa = PBXFileReference; fileEncoding = 4; lastKnownFileType = sourcecode.c.objc; path = SVProgressHUD.m; sourceTree = "<group>"; };
		8EDE16AB1FFF23C30013DD41 /* SVProgressHUD.bundle */ = {isa = PBXFileReference; lastKnownFileType = "wrapper.plug-in"; path = SVProgressHUD.bundle; sourceTree = "<group>"; };
		8EDE16AC1FFF23C30013DD41 /* MBProgressHUD.h */ = {isa = PBXFileReference; fileEncoding = 4; lastKnownFileType = sourcecode.c.h; path = MBProgressHUD.h; sourceTree = "<group>"; };
		8EDE16AD1FFF23C30013DD41 /* MBProgressHUD+Add.h */ = {isa = PBXFileReference; fileEncoding = 4; lastKnownFileType = sourcecode.c.h; path = "MBProgressHUD+Add.h"; sourceTree = "<group>"; };
		8EDE16AE1FFF23C30013DD41 /* Dialog.m */ = {isa = PBXFileReference; fileEncoding = 4; lastKnownFileType = sourcecode.c.objc; path = Dialog.m; sourceTree = "<group>"; };
		8EDE16AF1FFF23C30013DD41 /* MBProgressHUD.bundle */ = {isa = PBXFileReference; lastKnownFileType = "wrapper.plug-in"; path = MBProgressHUD.bundle; sourceTree = "<group>"; };
		8EDE16B11FFF23C30013DD41 /* NSDictionary+isNULL.h */ = {isa = PBXFileReference; fileEncoding = 4; lastKnownFileType = sourcecode.c.h; path = "NSDictionary+isNULL.h"; sourceTree = "<group>"; };
		8EDE16B31FFF23C30013DD41 /* NSData+Extension.m */ = {isa = PBXFileReference; fileEncoding = 4; lastKnownFileType = sourcecode.c.objc; path = "NSData+Extension.m"; sourceTree = "<group>"; };
		8EDE16B51FFF23C30013DD41 /* NSNumber+Extension.m */ = {isa = PBXFileReference; fileEncoding = 4; lastKnownFileType = sourcecode.c.objc; path = "NSNumber+Extension.m"; sourceTree = "<group>"; };
		8EDE16B61FFF23C30013DD41 /* UITextField+EnlargeTouchArea.m */ = {isa = PBXFileReference; fileEncoding = 4; lastKnownFileType = sourcecode.c.objc; path = "UITextField+EnlargeTouchArea.m"; sourceTree = "<group>"; };
		8EDE16B81FFF23C30013DD41 /* NSData+Extension.h */ = {isa = PBXFileReference; fileEncoding = 4; lastKnownFileType = sourcecode.c.h; path = "NSData+Extension.h"; sourceTree = "<group>"; };
		8EDE16B91FFF23C30013DD41 /* UITextField+EnlargeTouchArea.h */ = {isa = PBXFileReference; fileEncoding = 4; lastKnownFileType = sourcecode.c.h; path = "UITextField+EnlargeTouchArea.h"; sourceTree = "<group>"; };
		8EDE16BA1FFF23C30013DD41 /* NSNumber+Extension.h */ = {isa = PBXFileReference; fileEncoding = 4; lastKnownFileType = sourcecode.c.h; path = "NSNumber+Extension.h"; sourceTree = "<group>"; };
		8EDE16BB1FFF23C30013DD41 /* HqString.m */ = {isa = PBXFileReference; fileEncoding = 4; lastKnownFileType = sourcecode.c.objc; path = HqString.m; sourceTree = "<group>"; };
		8EDE16BC1FFF23C30013DD41 /* UILabel+ChangeLineSpaceAndWordSpace.m */ = {isa = PBXFileReference; fileEncoding = 4; lastKnownFileType = sourcecode.c.objc; path = "UILabel+ChangeLineSpaceAndWordSpace.m"; sourceTree = "<group>"; };
		8EDE16BD1FFF23C30013DD41 /* NSString+Public.m */ = {isa = PBXFileReference; fileEncoding = 4; lastKnownFileType = sourcecode.c.objc; path = "NSString+Public.m"; sourceTree = "<group>"; };
		8EDE16BF1FFF23C30013DD41 /* HqDateFormatter.h */ = {isa = PBXFileReference; fileEncoding = 4; lastKnownFileType = sourcecode.c.h; path = HqDateFormatter.h; sourceTree = "<group>"; };
		8EDE16C01FFF23C30013DD41 /* HqDateFormatter.m */ = {isa = PBXFileReference; fileEncoding = 4; lastKnownFileType = sourcecode.c.objc; path = HqDateFormatter.m; sourceTree = "<group>"; };
		8EDE16C11FFF23C30013DD41 /* UIFont+HqCustomFont.m */ = {isa = PBXFileReference; fileEncoding = 4; lastKnownFileType = sourcecode.c.objc; path = "UIFont+HqCustomFont.m"; sourceTree = "<group>"; };
		8EDE16C31FFF23C30013DD41 /* UIImage+HqImageCategory.m */ = {isa = PBXFileReference; fileEncoding = 4; lastKnownFileType = sourcecode.c.objc; path = "UIImage+HqImageCategory.m"; sourceTree = "<group>"; };
		8EDE16C41FFF23C30013DD41 /* NSDictionary+isNULL.m */ = {isa = PBXFileReference; fileEncoding = 4; lastKnownFileType = sourcecode.c.objc; path = "NSDictionary+isNULL.m"; sourceTree = "<group>"; };
		8EDE16C51FFF23C30013DD41 /* UILabel+ChangeLineSpaceAndWordSpace.h */ = {isa = PBXFileReference; fileEncoding = 4; lastKnownFileType = sourcecode.c.h; path = "UILabel+ChangeLineSpaceAndWordSpace.h"; sourceTree = "<group>"; };
		8EDE16C61FFF23C30013DD41 /* HqString.h */ = {isa = PBXFileReference; fileEncoding = 4; lastKnownFileType = sourcecode.c.h; path = HqString.h; sourceTree = "<group>"; };
		8EDE16C71FFF23C30013DD41 /* UIImage+HqImageCategory.h */ = {isa = PBXFileReference; fileEncoding = 4; lastKnownFileType = sourcecode.c.h; path = "UIImage+HqImageCategory.h"; sourceTree = "<group>"; };
		8EDE16CA1FFF23C30013DD41 /* UITextField+LimitInput.m */ = {isa = PBXFileReference; fileEncoding = 4; lastKnownFileType = sourcecode.c.objc; path = "UITextField+LimitInput.m"; sourceTree = "<group>"; };
		8EDE16CB1FFF23C30013DD41 /* UITextField+LimitInput.h */ = {isa = PBXFileReference; fileEncoding = 4; lastKnownFileType = sourcecode.c.h; path = "UITextField+LimitInput.h"; sourceTree = "<group>"; };
		8EDE16CD1FFF23C30013DD41 /* UIButton+EnlargeTouchArea.h */ = {isa = PBXFileReference; fileEncoding = 4; lastKnownFileType = sourcecode.c.h; path = "UIButton+EnlargeTouchArea.h"; sourceTree = "<group>"; };
		8EDE16CE1FFF23C30013DD41 /* UIButton+EnlargeTouchArea.m */ = {isa = PBXFileReference; fileEncoding = 4; lastKnownFileType = sourcecode.c.objc; path = "UIButton+EnlargeTouchArea.m"; sourceTree = "<group>"; };
		8EDE16CF1FFF23C30013DD41 /* UIFont+HqCustomFont.h */ = {isa = PBXFileReference; fileEncoding = 4; lastKnownFileType = sourcecode.c.h; path = "UIFont+HqCustomFont.h"; sourceTree = "<group>"; };
		8EDE16D01FFF23C30013DD41 /* NSString+Public.h */ = {isa = PBXFileReference; fileEncoding = 4; lastKnownFileType = sourcecode.c.h; path = "NSString+Public.h"; sourceTree = "<group>"; };
		8EDE16D21FFF23C30013DD41 /* ProjectConst.h */ = {isa = PBXFileReference; fileEncoding = 4; lastKnownFileType = sourcecode.c.h; path = ProjectConst.h; sourceTree = "<group>"; };
		8EDE16D31FFF23C30013DD41 /* ProjectEnvironment.h */ = {isa = PBXFileReference; fileEncoding = 4; lastKnownFileType = sourcecode.c.h; path = ProjectEnvironment.h; sourceTree = "<group>"; };
		8EDE16D41FFF23C30013DD41 /* ProjectDefine.h */ = {isa = PBXFileReference; fileEncoding = 4; lastKnownFileType = sourcecode.c.h; path = ProjectDefine.h; sourceTree = "<group>"; };
		8EDE16D51FFF23C30013DD41 /* ProjectEnvironment.m */ = {isa = PBXFileReference; fileEncoding = 4; lastKnownFileType = sourcecode.c.objc; path = ProjectEnvironment.m; sourceTree = "<group>"; };
		8EDE16D61FFF23C30013DD41 /* ProjectConst.m */ = {isa = PBXFileReference; fileEncoding = 4; lastKnownFileType = sourcecode.c.objc; path = ProjectConst.m; sourceTree = "<group>"; };
		8EDE16D71FFF23C30013DD41 /* HqProjectHeader.h */ = {isa = PBXFileReference; fileEncoding = 4; lastKnownFileType = sourcecode.c.h; path = HqProjectHeader.h; sourceTree = "<group>"; };
		8EDE17081FFF24360013DD41 /* QRCode.pch */ = {isa = PBXFileReference; lastKnownFileType = sourcecode.c.h; path = QRCode.pch; sourceTree = "<group>"; };
		8EDE170B1FFF26830013DD41 /* SuperNavigationVC.m */ = {isa = PBXFileReference; fileEncoding = 4; lastKnownFileType = sourcecode.c.objc; path = SuperNavigationVC.m; sourceTree = "<group>"; };
		8EDE170C1FFF26830013DD41 /* SuperVC.m */ = {isa = PBXFileReference; fileEncoding = 4; lastKnownFileType = sourcecode.c.objc; path = SuperVC.m; sourceTree = "<group>"; };
		8EDE170E1FFF26830013DD41 /* SuperVC.h */ = {isa = PBXFileReference; fileEncoding = 4; lastKnownFileType = sourcecode.c.h; path = SuperVC.h; sourceTree = "<group>"; };
		8EDE170F1FFF26830013DD41 /* SuperNavigationVC.h */ = {isa = PBXFileReference; fileEncoding = 4; lastKnownFileType = sourcecode.c.h; path = SuperNavigationVC.h; sourceTree = "<group>"; };
		8EDE17141FFF27A20013DD41 /* HqRootVC.m */ = {isa = PBXFileReference; fileEncoding = 4; lastKnownFileType = sourcecode.c.objc; path = HqRootVC.m; sourceTree = "<group>"; };
		8EDE17151FFF27A20013DD41 /* HqRootVC.h */ = {isa = PBXFileReference; fileEncoding = 4; lastKnownFileType = sourcecode.c.h; path = HqRootVC.h; sourceTree = "<group>"; };
		8EDE17171FFF28590013DD41 /* back@2x.png */ = {isa = PBXFileReference; lastKnownFileType = image.png; path = "back@2x.png"; sourceTree = "<group>"; };
		8EDE17181FFF28590013DD41 /* back@3x.png */ = {isa = PBXFileReference; lastKnownFileType = image.png; path = "back@3x.png"; sourceTree = "<group>"; };
		8EDE171C1FFF2ED80013DD41 /* HqLeftView.h */ = {isa = PBXFileReference; lastKnownFileType = sourcecode.c.h; path = HqLeftView.h; sourceTree = "<group>"; };
		8EDE171D1FFF2ED80013DD41 /* HqLeftView.m */ = {isa = PBXFileReference; lastKnownFileType = sourcecode.c.objc; path = HqLeftView.m; sourceTree = "<group>"; };
		8EDE171F1FFF31790013DD41 /* HqLeftViewCell.h */ = {isa = PBXFileReference; lastKnownFileType = sourcecode.c.h; path = HqLeftViewCell.h; sourceTree = "<group>"; };
		8EDE17201FFF31790013DD41 /* HqLeftViewCell.m */ = {isa = PBXFileReference; lastKnownFileType = sourcecode.c.objc; path = HqLeftViewCell.m; sourceTree = "<group>"; };
		8EDE17231FFF38A80013DD41 /* LoginVC.h */ = {isa = PBXFileReference; lastKnownFileType = sourcecode.c.h; path = LoginVC.h; sourceTree = "<group>"; };
		8EDE17241FFF38A80013DD41 /* LoginVC.m */ = {isa = PBXFileReference; lastKnownFileType = sourcecode.c.objc; path = LoginVC.m; sourceTree = "<group>"; };
		8EDE17271FFF38C80013DD41 /* RegistVC.h */ = {isa = PBXFileReference; lastKnownFileType = sourcecode.c.h; path = RegistVC.h; sourceTree = "<group>"; };
		8EDE17281FFF38C80013DD41 /* RegistVC.m */ = {isa = PBXFileReference; lastKnownFileType = sourcecode.c.objc; path = RegistVC.m; sourceTree = "<group>"; };
		8EDE172B1FFF38EC0013DD41 /* WecomeVC.h */ = {isa = PBXFileReference; lastKnownFileType = sourcecode.c.h; path = WecomeVC.h; sourceTree = "<group>"; };
		8EDE172C1FFF38EC0013DD41 /* WecomeVC.m */ = {isa = PBXFileReference; lastKnownFileType = sourcecode.c.objc; path = WecomeVC.m; sourceTree = "<group>"; };
		8EDE172E1FFF41F70013DD41 /* HqInputView.h */ = {isa = PBXFileReference; lastKnownFileType = sourcecode.c.h; path = HqInputView.h; sourceTree = "<group>"; };
		8EDE172F1FFF41F70013DD41 /* HqInputView.m */ = {isa = PBXFileReference; lastKnownFileType = sourcecode.c.objc; path = HqInputView.m; sourceTree = "<group>"; };
		8EDE17331FFF64450013DD41 /* HqButton.h */ = {isa = PBXFileReference; lastKnownFileType = sourcecode.c.h; path = HqButton.h; sourceTree = "<group>"; };
		8EDE17341FFF64450013DD41 /* HqButton.m */ = {isa = PBXFileReference; lastKnownFileType = sourcecode.c.objc; path = HqButton.m; sourceTree = "<group>"; };
		8EDE17371FFF718F0013DD41 /* HqLineCell.m */ = {isa = PBXFileReference; fileEncoding = 4; lastKnownFileType = sourcecode.c.objc; path = HqLineCell.m; sourceTree = "<group>"; };
		8EDE17381FFF718F0013DD41 /* HqLineCell.h */ = {isa = PBXFileReference; fileEncoding = 4; lastKnownFileType = sourcecode.c.h; path = HqLineCell.h; sourceTree = "<group>"; };
		8EDE173A1FFF72640013DD41 /* HqHomeCell.h */ = {isa = PBXFileReference; lastKnownFileType = sourcecode.c.h; path = HqHomeCell.h; sourceTree = "<group>"; };
		8EDE173B1FFF72640013DD41 /* HqHomeCell.m */ = {isa = PBXFileReference; lastKnownFileType = sourcecode.c.objc; path = HqHomeCell.m; sourceTree = "<group>"; };
		8EDE173E1FFF7A910013DD41 /* HqScanPayVC.h */ = {isa = PBXFileReference; lastKnownFileType = sourcecode.c.h; path = HqScanPayVC.h; sourceTree = "<group>"; };
		8EDE173F1FFF7A910013DD41 /* HqScanPayVC.m */ = {isa = PBXFileReference; lastKnownFileType = sourcecode.c.objc; path = HqScanPayVC.m; sourceTree = "<group>"; };
		8EDE17421FFF87080013DD41 /* HqCardsVC.h */ = {isa = PBXFileReference; lastKnownFileType = sourcecode.c.h; path = HqCardsVC.h; sourceTree = "<group>"; };
		8EDE17431FFF87080013DD41 /* HqCardsVC.m */ = {isa = PBXFileReference; lastKnownFileType = sourcecode.c.objc; path = HqCardsVC.m; sourceTree = "<group>"; };
		8EDE17461FFF87A50013DD41 /* HqCardCell.h */ = {isa = PBXFileReference; lastKnownFileType = sourcecode.c.h; path = HqCardCell.h; sourceTree = "<group>"; };
		8EDE17471FFF87A50013DD41 /* HqCardCell.m */ = {isa = PBXFileReference; lastKnownFileType = sourcecode.c.objc; path = HqCardCell.m; sourceTree = "<group>"; };
		C227BA1B401DEABB839F3D8A /* Pods-QRCode.debug.xcconfig */ = {isa = PBXFileReference; includeInIndex = 1; lastKnownFileType = text.xcconfig; name = "Pods-QRCode.debug.xcconfig"; path = "Pods/Target Support Files/Pods-QRCode/Pods-QRCode.debug.xcconfig"; sourceTree = "<group>"; };
/* End PBXFileReference section */

/* Begin PBXFrameworksBuildPhase section */
		8EDE16461FFF22FF0013DD41 /* Frameworks */ = {
			isa = PBXFrameworksBuildPhase;
			buildActionMask = 2147483647;
			files = (
				EEA5C3276F85C54EE3923D6E /* libPods-QRCode.a in Frameworks */,
			);
			runOnlyForDeploymentPostprocessing = 0;
		};
/* End PBXFrameworksBuildPhase section */

/* Begin PBXGroup section */
		3334CD712000AE7D00C5EED8 /* HqPassWordView */ = {
			isa = PBXGroup;
			children = (
				3334CD722000AE7D00C5EED8 /* HqPassWordView.h */,
				3334CD732000AE7D00C5EED8 /* HqPassWordView.m */,
			);
			path = HqPassWordView;
			sourceTree = "<group>";
		};
		3334CD752000AF0200C5EED8 /* HqPayPassword */ = {
			isa = PBXGroup;
			children = (
				3334CD762000AF2500C5EED8 /* Views */,
				3334CD772000AF3B00C5EED8 /* HqPayPasswordVC.h */,
				3334CD782000AF3B00C5EED8 /* HqPayPasswordVC.m */,
			);
			path = HqPayPassword;
			sourceTree = "<group>";
		};
		3334CD762000AF2500C5EED8 /* Views */ = {
			isa = PBXGroup;
			children = (
			);
			path = Views;
			sourceTree = "<group>";
		};
		3375DFC020020EC200E35121 /* HqGesturePassword */ = {
			isa = PBXGroup;
			children = (
			);
			path = HqGesturePassword;
			sourceTree = "<group>";
		};
		69FB2DBCE36FD642F2C00913 /* Frameworks */ = {
			isa = PBXGroup;
			children = (
				8A1F463273FB3E3E6DE6208B /* libPods-QRCode.a */,
			);
			name = Frameworks;
			sourceTree = "<group>";
		};
		7AE064813CE53B018E49D6E1 /* Pods */ = {
			isa = PBXGroup;
			children = (
				C227BA1B401DEABB839F3D8A /* Pods-QRCode.debug.xcconfig */,
				4BD802C28DBA1070B041B7DF /* Pods-QRCode.release.xcconfig */,
			);
			name = Pods;
			sourceTree = "<group>";
		};
		8EDE16401FFF22FF0013DD41 = {
			isa = PBXGroup;
			children = (
				8EDE164B1FFF22FF0013DD41 /* QRCode */,
				8EDE164A1FFF22FF0013DD41 /* Products */,
				7AE064813CE53B018E49D6E1 /* Pods */,
				69FB2DBCE36FD642F2C00913 /* Frameworks */,
			);
			sourceTree = "<group>";
		};
		8EDE164A1FFF22FF0013DD41 /* Products */ = {
			isa = PBXGroup;
			children = (
				8EDE16491FFF22FF0013DD41 /* QRCode.app */,
			);
			name = Products;
			sourceTree = "<group>";
		};
		8EDE164B1FFF22FF0013DD41 /* QRCode */ = {
			isa = PBXGroup;
			children = (
				8EDE17361FFF716D0013DD41 /* PublicViews */,
				8EDE17131FFF27100013DD41 /* HqImages */,
				8EDE16D11FFF23C30013DD41 /* Config */,
				8EDE166B1FFF23C30013DD41 /* Libs */,
				8EDE16621FFF23C30013DD41 /* Network */,
				8EDE16B01FFF23C30013DD41 /* UItils */,
				8EDE16651FFF23C30013DD41 /* ViewControllers */,
				8EDE164C1FFF22FF0013DD41 /* AppDelegate.h */,
				8EDE164D1FFF22FF0013DD41 /* AppDelegate.m */,
				8EDE164F1FFF22FF0013DD41 /* ViewController.h */,
				8EDE16501FFF22FF0013DD41 /* ViewController.m */,
				8EDE16521FFF22FF0013DD41 /* Main.storyboard */,
				8EDE16551FFF22FF0013DD41 /* Assets.xcassets */,
				8EDE16571FFF22FF0013DD41 /* LaunchScreen.storyboard */,
				8EDE165A1FFF22FF0013DD41 /* Info.plist */,
				8EDE17081FFF24360013DD41 /* QRCode.pch */,
				8EDE165B1FFF22FF0013DD41 /* main.m */,
			);
			path = QRCode;
			sourceTree = "<group>";
		};
		8EDE16621FFF23C30013DD41 /* Network */ = {
			isa = PBXGroup;
			children = (
				8EDE16631FFF23C30013DD41 /* HqAFHttpClient.h */,
				8EDE16641FFF23C30013DD41 /* HqAFHttpClient.m */,
				8E5FCC3120034BF400B4740B /* HqHttpUtil.h */,
				8E5FCC3220034BF400B4740B /* HqHttpUtil.m */,
			);
			path = Network;
			sourceTree = "<group>";
		};
		8EDE16651FFF23C30013DD41 /* ViewControllers */ = {
			isa = PBXGroup;
			children = (
				3375DFC020020EC200E35121 /* HqGesturePassword */,
				8EDE17411FFF86F30013DD41 /* HqCard */,
				8EDE173D1FFF7A780013DD41 /* HqScanPay */,
				8EDE17091FFF26830013DD41 /* SuperVC */,
				8EDE172A1FFF38DA0013DD41 /* Welcome */,
				8EDE17221FFF38840013DD41 /* Login&Regist */,
				8EDE16661FFF23C30013DD41 /* HqRoot */,
			);
			path = ViewControllers;
			sourceTree = "<group>";
		};
		8EDE16661FFF23C30013DD41 /* HqRoot */ = {
			isa = PBXGroup;
			children = (
				8EDE17311FFF620F0013DD41 /* Home */,
				8EDE171B1FFF2EBB0013DD41 /* Views */,
				8EDE17151FFF27A20013DD41 /* HqRootVC.h */,
				8EDE17141FFF27A20013DD41 /* HqRootVC.m */,
			);
			path = HqRoot;
			sourceTree = "<group>";
		};
		8EDE166B1FFF23C30013DD41 /* Libs */ = {
			isa = PBXGroup;
			children = (
				8EDE166C1FFF23C30013DD41 /* UITextView_Placehoder */,
				8EDE166F1FFF23C30013DD41 /* SGQRCode */,
				8EDE167F1FFF23C30013DD41 /* IQKeyboardManager */,
				8EDE16A41FFF23C30013DD41 /* MBProgressHUD */,
			);
			path = Libs;
			sourceTree = "<group>";
		};
		8EDE166C1FFF23C30013DD41 /* UITextView_Placehoder */ = {
			isa = PBXGroup;
			children = (
				8EDE166D1FFF23C30013DD41 /* UITextView+Placeholder.m */,
				8EDE166E1FFF23C30013DD41 /* UITextView+Placeholder.h */,
			);
			path = UITextView_Placehoder;
			sourceTree = "<group>";
		};
		8EDE166F1FFF23C30013DD41 /* SGQRCode */ = {
			isa = PBXGroup;
			children = (
				8EDE16701FFF23C30013DD41 /* SGQRCode.h */,
				8EDE16711FFF23C30013DD41 /* SGQRCode.bundle */,
				8EDE16721FFF23C30013DD41 /* Category */,
				8EDE16751FFF23C30013DD41 /* SGQRCodeHelperTool.m */,
				8EDE16761FFF23C30013DD41 /* SGQRCodeScanningView.m */,
				8EDE16771FFF23C30013DD41 /* SGQRCodeScanManager.m */,
				8EDE16781FFF23C30013DD41 /* SGQRCodeGenerateManager.m */,
				8EDE16791FFF23C30013DD41 /* SGQRCodeAlbumManager.h */,
				8EDE167A1FFF23C30013DD41 /* SGQRCodeHelperTool.h */,
				8EDE167B1FFF23C30013DD41 /* SGQRCodeScanningView.h */,
				8EDE167C1FFF23C30013DD41 /* SGQRCodeScanManager.h */,
				8EDE167D1FFF23C30013DD41 /* SGQRCodeAlbumManager.m */,
				8EDE167E1FFF23C30013DD41 /* SGQRCodeGenerateManager.h */,
			);
			path = SGQRCode;
			sourceTree = "<group>";
		};
		8EDE16721FFF23C30013DD41 /* Category */ = {
			isa = PBXGroup;
			children = (
				8EDE16731FFF23C30013DD41 /* UIImage+ImageSize.h */,
				8EDE16741FFF23C30013DD41 /* UIImage+ImageSize.m */,
			);
			path = Category;
			sourceTree = "<group>";
		};
		8EDE167F1FFF23C30013DD41 /* IQKeyboardManager */ = {
			isa = PBXGroup;
			children = (
				8EDE16801FFF23C30013DD41 /* IQTextView */,
				8EDE16831FFF23C30013DD41 /* IQToolbar */,
				8EDE168E1FFF23C30013DD41 /* Constants */,
				8EDE16911FFF23C30013DD41 /* Resources */,
				8EDE16931FFF23C30013DD41 /* IQKeyboardReturnKeyHandler.h */,
				8EDE16941FFF23C30013DD41 /* IQKeyboardManager.h */,
				8EDE16951FFF23C30013DD41 /* IQKeyboardManager.m */,
				8EDE16961FFF23C30013DD41 /* Categories */,
				8EDE16A31FFF23C30013DD41 /* IQKeyboardReturnKeyHandler.m */,
			);
			path = IQKeyboardManager;
			sourceTree = "<group>";
		};
		8EDE16801FFF23C30013DD41 /* IQTextView */ = {
			isa = PBXGroup;
			children = (
				8EDE16811FFF23C30013DD41 /* IQTextView.m */,
				8EDE16821FFF23C30013DD41 /* IQTextView.h */,
			);
			path = IQTextView;
			sourceTree = "<group>";
		};
		8EDE16831FFF23C30013DD41 /* IQToolbar */ = {
			isa = PBXGroup;
			children = (
				8EDE16841FFF23C30013DD41 /* IQUIView+IQKeyboardToolbar.h */,
				8EDE16851FFF23C30013DD41 /* IQToolbar.m */,
				8EDE16861FFF23C30013DD41 /* IQPreviousNextView.h */,
				8EDE16871FFF23C30013DD41 /* IQTitleBarButtonItem.m */,
				8EDE16881FFF23C30013DD41 /* IQBarButtonItem.m */,
				8EDE16891FFF23C30013DD41 /* IQUIView+IQKeyboardToolbar.m */,
				8EDE168A1FFF23C30013DD41 /* IQPreviousNextView.m */,
				8EDE168B1FFF23C30013DD41 /* IQToolbar.h */,
				8EDE168C1FFF23C30013DD41 /* IQBarButtonItem.h */,
				8EDE168D1FFF23C30013DD41 /* IQTitleBarButtonItem.h */,
			);
			path = IQToolbar;
			sourceTree = "<group>";
		};
		8EDE168E1FFF23C30013DD41 /* Constants */ = {
			isa = PBXGroup;
			children = (
				8EDE168F1FFF23C30013DD41 /* IQKeyboardManagerConstantsInternal.h */,
				8EDE16901FFF23C30013DD41 /* IQKeyboardManagerConstants.h */,
			);
			path = Constants;
			sourceTree = "<group>";
		};
		8EDE16911FFF23C30013DD41 /* Resources */ = {
			isa = PBXGroup;
			children = (
				8EDE16921FFF23C30013DD41 /* IQKeyboardManager.bundle */,
			);
			path = Resources;
			sourceTree = "<group>";
		};
		8EDE16961FFF23C30013DD41 /* Categories */ = {
			isa = PBXGroup;
			children = (
				8EDE16971FFF23C30013DD41 /* IQNSArray+Sort.m */,
				8EDE16981FFF23C30013DD41 /* IQUIWindow+Hierarchy.m */,
				8EDE16991FFF23C30013DD41 /* IQUIViewController+Additions.h */,
				8EDE169A1FFF23C30013DD41 /* IQUITextFieldView+Additions.m */,
				8EDE169B1FFF23C30013DD41 /* IQUIScrollView+Additions.m */,
				8EDE169C1FFF23C30013DD41 /* IQUIView+Hierarchy.m */,
				8EDE169D1FFF23C30013DD41 /* IQUIWindow+Hierarchy.h */,
				8EDE169E1FFF23C30013DD41 /* IQNSArray+Sort.h */,
				8EDE169F1FFF23C30013DD41 /* IQUIScrollView+Additions.h */,
				8EDE16A01FFF23C30013DD41 /* IQUITextFieldView+Additions.h */,
				8EDE16A11FFF23C30013DD41 /* IQUIViewController+Additions.m */,
				8EDE16A21FFF23C30013DD41 /* IQUIView+Hierarchy.h */,
			);
			path = Categories;
			sourceTree = "<group>";
		};
		8EDE16A41FFF23C30013DD41 /* MBProgressHUD */ = {
			isa = PBXGroup;
			children = (
				8EDE16A51FFF23C30013DD41 /* MBProgressHUD.m */,
				8EDE16A61FFF23C30013DD41 /* Dialog.h */,
				8EDE16A71FFF23C30013DD41 /* MBProgressHUD+Add.m */,
				8EDE16A81FFF23C30013DD41 /* SVProgressHUD */,
				8EDE16AC1FFF23C30013DD41 /* MBProgressHUD.h */,
				8EDE16AD1FFF23C30013DD41 /* MBProgressHUD+Add.h */,
				8EDE16AE1FFF23C30013DD41 /* Dialog.m */,
				8EDE16AF1FFF23C30013DD41 /* MBProgressHUD.bundle */,
			);
			path = MBProgressHUD;
			sourceTree = "<group>";
		};
		8EDE16A81FFF23C30013DD41 /* SVProgressHUD */ = {
			isa = PBXGroup;
			children = (
				8EDE16A91FFF23C30013DD41 /* SVProgressHUD.h */,
				8EDE16AA1FFF23C30013DD41 /* SVProgressHUD.m */,
				8EDE16AB1FFF23C30013DD41 /* SVProgressHUD.bundle */,
			);
			path = SVProgressHUD;
			sourceTree = "<group>";
		};
		8EDE16B01FFF23C30013DD41 /* UItils */ = {
			isa = PBXGroup;
			children = (
				8EDE16B21FFF23C30013DD41 /* Category */,
				8EDE16C61FFF23C30013DD41 /* HqString.h */,
				8EDE16BB1FFF23C30013DD41 /* HqString.m */,
				8EDE16C91FFF23C30013DD41 /* HqTextInputLimit */,
				8EDE16BE1FFF23C30013DD41 /* HqTimerformatter */,
				8EDE16B11FFF23C30013DD41 /* NSDictionary+isNULL.h */,
				8EDE16C41FFF23C30013DD41 /* NSDictionary+isNULL.m */,
				8EDE16D01FFF23C30013DD41 /* NSString+Public.h */,
				8EDE16BD1FFF23C30013DD41 /* NSString+Public.m */,
				8EDE16CC1FFF23C30013DD41 /* UIButton+EnlargeTouchArea */,
				8EDE16CF1FFF23C30013DD41 /* UIFont+HqCustomFont.h */,
				8EDE16C11FFF23C30013DD41 /* UIFont+HqCustomFont.m */,
				8EDE16C71FFF23C30013DD41 /* UIImage+HqImageCategory.h */,
				8EDE16C31FFF23C30013DD41 /* UIImage+HqImageCategory.m */,
				8EDE16C51FFF23C30013DD41 /* UILabel+ChangeLineSpaceAndWordSpace.h */,
				8EDE16BC1FFF23C30013DD41 /* UILabel+ChangeLineSpaceAndWordSpace.m */,
			);
			path = UItils;
			sourceTree = "<group>";
		};
		8EDE16B21FFF23C30013DD41 /* Category */ = {
			isa = PBXGroup;
			children = (
				8EDE16B81FFF23C30013DD41 /* NSData+Extension.h */,
				8EDE16B31FFF23C30013DD41 /* NSData+Extension.m */,
				8EDE16BA1FFF23C30013DD41 /* NSNumber+Extension.h */,
				8EDE16B51FFF23C30013DD41 /* NSNumber+Extension.m */,
				8EDE16B91FFF23C30013DD41 /* UITextField+EnlargeTouchArea.h */,
				8EDE16B61FFF23C30013DD41 /* UITextField+EnlargeTouchArea.m */,
			);
			path = Category;
			sourceTree = "<group>";
		};
		8EDE16BE1FFF23C30013DD41 /* HqTimerformatter */ = {
			isa = PBXGroup;
			children = (
				8EDE16BF1FFF23C30013DD41 /* HqDateFormatter.h */,
				8EDE16C01FFF23C30013DD41 /* HqDateFormatter.m */,
			);
			path = HqTimerformatter;
			sourceTree = "<group>";
		};
		8EDE16C91FFF23C30013DD41 /* HqTextInputLimit */ = {
			isa = PBXGroup;
			children = (
				8EDE16CA1FFF23C30013DD41 /* UITextField+LimitInput.m */,
				8EDE16CB1FFF23C30013DD41 /* UITextField+LimitInput.h */,
			);
			path = HqTextInputLimit;
			sourceTree = "<group>";
		};
		8EDE16CC1FFF23C30013DD41 /* UIButton+EnlargeTouchArea */ = {
			isa = PBXGroup;
			children = (
				8EDE16CD1FFF23C30013DD41 /* UIButton+EnlargeTouchArea.h */,
				8EDE16CE1FFF23C30013DD41 /* UIButton+EnlargeTouchArea.m */,
			);
			path = "UIButton+EnlargeTouchArea";
			sourceTree = "<group>";
		};
		8EDE16D11FFF23C30013DD41 /* Config */ = {
			isa = PBXGroup;
			children = (
				8EDE16D31FFF23C30013DD41 /* ProjectEnvironment.h */,
				8EDE16D51FFF23C30013DD41 /* ProjectEnvironment.m */,
				8EDE16D21FFF23C30013DD41 /* ProjectConst.h */,
				8EDE16D61FFF23C30013DD41 /* ProjectConst.m */,
				8EDE16D41FFF23C30013DD41 /* ProjectDefine.h */,
				8EDE16D71FFF23C30013DD41 /* HqProjectHeader.h */,
			);
			path = Config;
			sourceTree = "<group>";
		};
		8EDE17091FFF26830013DD41 /* SuperVC */ = {
			isa = PBXGroup;
			children = (
				8EDE170F1FFF26830013DD41 /* SuperNavigationVC.h */,
				8EDE170B1FFF26830013DD41 /* SuperNavigationVC.m */,
				8EDE170E1FFF26830013DD41 /* SuperVC.h */,
				8EDE170C1FFF26830013DD41 /* SuperVC.m */,
			);
			path = SuperVC;
			sourceTree = "<group>";
		};
		8EDE17131FFF27100013DD41 /* HqImages */ = {
			isa = PBXGroup;
			children = (
				8EDE17171FFF28590013DD41 /* back@2x.png */,
				8EDE17181FFF28590013DD41 /* back@3x.png */,
			);
			path = HqImages;
			sourceTree = "<group>";
		};
		8EDE171B1FFF2EBB0013DD41 /* Views */ = {
			isa = PBXGroup;
			children = (
				8EDE171C1FFF2ED80013DD41 /* HqLeftView.h */,
				8EDE171D1FFF2ED80013DD41 /* HqLeftView.m */,
				8EDE171F1FFF31790013DD41 /* HqLeftViewCell.h */,
				8EDE17201FFF31790013DD41 /* HqLeftViewCell.m */,
				8EDE173A1FFF72640013DD41 /* HqHomeCell.h */,
				8EDE173B1FFF72640013DD41 /* HqHomeCell.m */,
			);
			path = Views;
			sourceTree = "<group>";
		};
		8EDE17221FFF38840013DD41 /* Login&Regist */ = {
			isa = PBXGroup;
			children = (
				8EDE17261FFF38B00013DD41 /* Views */,
				8EDE17231FFF38A80013DD41 /* LoginVC.h */,
				8EDE17241FFF38A80013DD41 /* LoginVC.m */,
				8EDE17271FFF38C80013DD41 /* RegistVC.h */,
				8EDE17281FFF38C80013DD41 /* RegistVC.m */,
				8E5FCC342003670900B4740B /* HqSetLoginPassword.h */,
				8E5FCC352003670A00B4740B /* HqSetLoginPassword.m */,
			);
			path = "Login&Regist";
			sourceTree = "<group>";
		};
		8EDE17261FFF38B00013DD41 /* Views */ = {
			isa = PBXGroup;
			children = (
				8EDE172E1FFF41F70013DD41 /* HqInputView.h */,
				8EDE172F1FFF41F70013DD41 /* HqInputView.m */,
			);
			path = Views;
			sourceTree = "<group>";
		};
		8EDE172A1FFF38DA0013DD41 /* Welcome */ = {
			isa = PBXGroup;
			children = (
				8EDE172B1FFF38EC0013DD41 /* WecomeVC.h */,
				8EDE172C1FFF38EC0013DD41 /* WecomeVC.m */,
			);
			path = Welcome;
			sourceTree = "<group>";
		};
		8EDE17311FFF620F0013DD41 /* Home */ = {
			isa = PBXGroup;
			children = (
				8EDE17321FFF62190013DD41 /* Views */,
			);
			path = Home;
			sourceTree = "<group>";
		};
		8EDE17321FFF62190013DD41 /* Views */ = {
			isa = PBXGroup;
			children = (
				8EDE17331FFF64450013DD41 /* HqButton.h */,
				8EDE17341FFF64450013DD41 /* HqButton.m */,
			);
			path = Views;
			sourceTree = "<group>";
		};
		8EDE17361FFF716D0013DD41 /* PublicViews */ = {
			isa = PBXGroup;
			children = (
				3334CD712000AE7D00C5EED8 /* HqPassWordView */,
				8EDE17381FFF718F0013DD41 /* HqLineCell.h */,
				8EDE17371FFF718F0013DD41 /* HqLineCell.m */,
			);
			path = PublicViews;
			sourceTree = "<group>";
		};
		8EDE173D1FFF7A780013DD41 /* HqScanPay */ = {
			isa = PBXGroup;
			children = (
				8EDE173E1FFF7A910013DD41 /* HqScanPayVC.h */,
				8EDE173F1FFF7A910013DD41 /* HqScanPayVC.m */,
			);
			path = HqScanPay;
			sourceTree = "<group>";
		};
		8EDE17411FFF86F30013DD41 /* HqCard */ = {
			isa = PBXGroup;
			children = (
				3334CD752000AF0200C5EED8 /* HqPayPassword */,
				8EDE17451FFF874B0013DD41 /* Views */,
				8EDE17421FFF87080013DD41 /* HqCardsVC.h */,
				8EDE17431FFF87080013DD41 /* HqCardsVC.m */,
				3334CD602000630000C5EED8 /* HqUserIdInfoVC.h */,
				3334CD612000630000C5EED8 /* HqUserIdInfoVC.m */,
				3334CD662000743600C5EED8 /* HqAddCardVC.h */,
				3334CD672000743600C5EED8 /* HqAddCardVC.m */,
				3334CD7A2000C69400C5EED8 /* HqAddCardInfoVC.h */,
				3334CD7B2000C69400C5EED8 /* HqAddCardInfoVC.m */,
			);
			path = HqCard;
			sourceTree = "<group>";
		};
		8EDE17451FFF874B0013DD41 /* Views */ = {
			isa = PBXGroup;
			children = (
				8EDE17461FFF87A50013DD41 /* HqCardCell.h */,
				8EDE17471FFF87A50013DD41 /* HqCardCell.m */,
				3334CD632000650300C5EED8 /* HqIdInfoInputView.h */,
				3334CD642000650300C5EED8 /* HqIdInfoInputView.m */,
			);
			path = Views;
			sourceTree = "<group>";
		};
/* End PBXGroup section */

/* Begin PBXNativeTarget section */
		8EDE16481FFF22FF0013DD41 /* QRCode */ = {
			isa = PBXNativeTarget;
			buildConfigurationList = 8EDE165F1FFF22FF0013DD41 /* Build configuration list for PBXNativeTarget "QRCode" */;
			buildPhases = (
				ACCCFE058EAAC4DEDA8ECE03 /* [CP] Check Pods Manifest.lock */,
				8EDE16451FFF22FF0013DD41 /* Sources */,
				8EDE16461FFF22FF0013DD41 /* Frameworks */,
				8EDE16471FFF22FF0013DD41 /* Resources */,
				8B989F6BBE7491B84B1DF45E /* [CP] Embed Pods Frameworks */,
				9EC04115AE08D428ADAF79EF /* [CP] Copy Pods Resources */,
			);
			buildRules = (
			);
			dependencies = (
			);
			name = QRCode;
			productName = QRCode;
			productReference = 8EDE16491FFF22FF0013DD41 /* QRCode.app */;
			productType = "com.apple.product-type.application";
		};
/* End PBXNativeTarget section */

/* Begin PBXProject section */
		8EDE16411FFF22FF0013DD41 /* Project object */ = {
			isa = PBXProject;
			attributes = {
				LastUpgradeCheck = 0920;
				ORGANIZATIONNAME = macpro;
				TargetAttributes = {
					8EDE16481FFF22FF0013DD41 = {
						CreatedOnToolsVersion = 9.2;
						ProvisioningStyle = Automatic;
					};
				};
			};
			buildConfigurationList = 8EDE16441FFF22FF0013DD41 /* Build configuration list for PBXProject "QRCode" */;
			compatibilityVersion = "Xcode 8.0";
			developmentRegion = en;
			hasScannedForEncodings = 0;
			knownRegions = (
				en,
				Base,
			);
			mainGroup = 8EDE16401FFF22FF0013DD41;
			productRefGroup = 8EDE164A1FFF22FF0013DD41 /* Products */;
			projectDirPath = "";
			projectRoot = "";
			targets = (
				8EDE16481FFF22FF0013DD41 /* QRCode */,
			);
		};
/* End PBXProject section */

/* Begin PBXResourcesBuildPhase section */
		8EDE16471FFF22FF0013DD41 /* Resources */ = {
			isa = PBXResourcesBuildPhase;
			buildActionMask = 2147483647;
			files = (
				8EDE16E91FFF23C30013DD41 /* IQKeyboardManager.bundle in Resources */,
				8EDE17191FFF28590013DD41 /* back@2x.png in Resources */,
				8EDE16F51FFF23C30013DD41 /* SVProgressHUD.bundle in Resources */,
				8EDE16591FFF22FF0013DD41 /* LaunchScreen.storyboard in Resources */,
				8EDE16561FFF22FF0013DD41 /* Assets.xcassets in Resources */,
				8EDE16541FFF22FF0013DD41 /* Main.storyboard in Resources */,
				8EDE16DC1FFF23C30013DD41 /* SGQRCode.bundle in Resources */,
				8EDE16F71FFF23C30013DD41 /* MBProgressHUD.bundle in Resources */,
				8EDE171A1FFF28590013DD41 /* back@3x.png in Resources */,
			);
			runOnlyForDeploymentPostprocessing = 0;
		};
/* End PBXResourcesBuildPhase section */

/* Begin PBXShellScriptBuildPhase section */
		8B989F6BBE7491B84B1DF45E /* [CP] Embed Pods Frameworks */ = {
			isa = PBXShellScriptBuildPhase;
			buildActionMask = 2147483647;
			files = (
			);
			inputPaths = (
			);
			name = "[CP] Embed Pods Frameworks";
			outputPaths = (
			);
			runOnlyForDeploymentPostprocessing = 0;
			shellPath = /bin/sh;
			shellScript = "\"${SRCROOT}/Pods/Target Support Files/Pods-QRCode/Pods-QRCode-frameworks.sh\"\n";
			showEnvVarsInLog = 0;
		};
		9EC04115AE08D428ADAF79EF /* [CP] Copy Pods Resources */ = {
			isa = PBXShellScriptBuildPhase;
			buildActionMask = 2147483647;
			files = (
			);
			inputPaths = (
				"${SRCROOT}/Pods/Target Support Files/Pods-QRCode/Pods-QRCode-resources.sh",
				"${PODS_ROOT}/MJRefresh/MJRefresh/MJRefresh.bundle",
			);
			name = "[CP] Copy Pods Resources";
			outputPaths = (
				"${TARGET_BUILD_DIR}/${UNLOCALIZED_RESOURCES_FOLDER_PATH}",
			);
			runOnlyForDeploymentPostprocessing = 0;
			shellPath = /bin/sh;
			shellScript = "\"${SRCROOT}/Pods/Target Support Files/Pods-QRCode/Pods-QRCode-resources.sh\"\n";
			showEnvVarsInLog = 0;
		};
		ACCCFE058EAAC4DEDA8ECE03 /* [CP] Check Pods Manifest.lock */ = {
			isa = PBXShellScriptBuildPhase;
			buildActionMask = 2147483647;
			files = (
			);
			inputPaths = (
				"${PODS_PODFILE_DIR_PATH}/Podfile.lock",
				"${PODS_ROOT}/Manifest.lock",
			);
			name = "[CP] Check Pods Manifest.lock";
			outputPaths = (
				"$(DERIVED_FILE_DIR)/Pods-QRCode-checkManifestLockResult.txt",
			);
			runOnlyForDeploymentPostprocessing = 0;
			shellPath = /bin/sh;
			shellScript = "diff \"${PODS_PODFILE_DIR_PATH}/Podfile.lock\" \"${PODS_ROOT}/Manifest.lock\" > /dev/null\nif [ $? != 0 ] ; then\n    # print error to STDERR\n    echo \"error: The sandbox is not in sync with the Podfile.lock. Run 'pod install' or update your CocoaPods installation.\" >&2\n    exit 1\nfi\n# This output is used by Xcode 'outputs' to avoid re-running this script phase.\necho \"SUCCESS\" > \"${SCRIPT_OUTPUT_FILE_0}\"\n";
			showEnvVarsInLog = 0;
		};
/* End PBXShellScriptBuildPhase section */

/* Begin PBXSourcesBuildPhase section */
		8EDE16451FFF22FF0013DD41 /* Sources */ = {
			isa = PBXSourcesBuildPhase;
			buildActionMask = 2147483647;
			files = (
				8EDE17111FFF26830013DD41 /* SuperNavigationVC.m in Sources */,
				8EDE17161FFF27A20013DD41 /* HqRootVC.m in Sources */,
				8EDE16EA1FFF23C30013DD41 /* IQKeyboardManager.m in Sources */,
				8EDE17061FFF23C30013DD41 /* ProjectEnvironment.m in Sources */,
				8EDE16FC1FFF23C30013DD41 /* HqString.m in Sources */,
				8EDE17251FFF38A80013DD41 /* LoginVC.m in Sources */,
				8EDE16EE1FFF23C30013DD41 /* IQUIScrollView+Additions.m in Sources */,
				8EDE17001FFF23C30013DD41 /* UIFont+HqCustomFont.m in Sources */,
				8EDE17291FFF38C80013DD41 /* RegistVC.m in Sources */,
				8EDE16DD1FFF23C30013DD41 /* UIImage+ImageSize.m in Sources */,
				8EDE17301FFF41F70013DD41 /* HqInputView.m in Sources */,
				8EDE16FE1FFF23C30013DD41 /* NSString+Public.m in Sources */,
				8EDE17351FFF64450013DD41 /* HqButton.m in Sources */,
				8EDE16E61FFF23C30013DD41 /* IQBarButtonItem.m in Sources */,
				8EDE17481FFF87A50013DD41 /* HqCardCell.m in Sources */,
				8EDE16EC1FFF23C30013DD41 /* IQUIWindow+Hierarchy.m in Sources */,
				3334CD682000743600C5EED8 /* HqAddCardVC.m in Sources */,
				8EDE17041FFF23C30013DD41 /* UITextField+LimitInput.m in Sources */,
				8EDE16EB1FFF23C30013DD41 /* IQNSArray+Sort.m in Sources */,
				8EDE17401FFF7A910013DD41 /* HqScanPayVC.m in Sources */,
				8EDE16511FFF22FF0013DD41 /* ViewController.m in Sources */,
				8EDE173C1FFF72640013DD41 /* HqHomeCell.m in Sources */,
				8EDE16F91FFF23C30013DD41 /* NSNumber+Extension.m in Sources */,
				8EDE16F31FFF23C30013DD41 /* MBProgressHUD+Add.m in Sources */,
				8EDE16E11FFF23C30013DD41 /* SGQRCodeGenerateManager.m in Sources */,
				8EDE17071FFF23C30013DD41 /* ProjectConst.m in Sources */,
				8EDE16FF1FFF23C30013DD41 /* HqDateFormatter.m in Sources */,
				8EDE16DB1FFF23C30013DD41 /* UITextView+Placeholder.m in Sources */,
				8EDE17051FFF23C30013DD41 /* UIButton+EnlargeTouchArea.m in Sources */,
				8EDE17441FFF87080013DD41 /* HqCardsVC.m in Sources */,
				8EDE16EF1FFF23C30013DD41 /* IQUIView+Hierarchy.m in Sources */,
				8E5FCC3320034BF400B4740B /* HqHttpUtil.m in Sources */,
				8E5FCC362003670A00B4740B /* HqSetLoginPassword.m in Sources */,
				3334CD742000AE7D00C5EED8 /* HqPassWordView.m in Sources */,
				3334CD652000650300C5EED8 /* HqIdInfoInputView.m in Sources */,
				8EDE16E41FFF23C30013DD41 /* IQToolbar.m in Sources */,
				8EDE16E71FFF23C30013DD41 /* IQUIView+IQKeyboardToolbar.m in Sources */,
				8EDE16F11FFF23C30013DD41 /* IQKeyboardReturnKeyHandler.m in Sources */,
				8EDE172D1FFF38EC0013DD41 /* WecomeVC.m in Sources */,
				8EDE16DE1FFF23C30013DD41 /* SGQRCodeHelperTool.m in Sources */,
				8EDE16F81FFF23C30013DD41 /* NSData+Extension.m in Sources */,
				8EDE17211FFF31790013DD41 /* HqLeftViewCell.m in Sources */,
				8EDE16F01FFF23C30013DD41 /* IQUIViewController+Additions.m in Sources */,
				8EDE16FA1FFF23C30013DD41 /* UITextField+EnlargeTouchArea.m in Sources */,
				8EDE17121FFF26830013DD41 /* SuperVC.m in Sources */,
				8EDE16F41FFF23C30013DD41 /* SVProgressHUD.m in Sources */,
				8EDE16DF1FFF23C30013DD41 /* SGQRCodeScanningView.m in Sources */,
				8EDE17391FFF718F0013DD41 /* HqLineCell.m in Sources */,
				8EDE16F61FFF23C30013DD41 /* Dialog.m in Sources */,
				8EDE17021FFF23C30013DD41 /* NSDictionary+isNULL.m in Sources */,
				8EDE165C1FFF22FF0013DD41 /* main.m in Sources */,
				8EDE171E1FFF2ED80013DD41 /* HqLeftView.m in Sources */,
				8EDE16ED1FFF23C30013DD41 /* IQUITextFieldView+Additions.m in Sources */,
				8EDE16D81FFF23C30013DD41 /* HqAFHttpClient.m in Sources */,
				3334CD792000AF3B00C5EED8 /* HqPayPasswordVC.m in Sources */,
				8EDE16E21FFF23C30013DD41 /* SGQRCodeAlbumManager.m in Sources */,
				3334CD622000630000C5EED8 /* HqUserIdInfoVC.m in Sources */,
				8EDE16E01FFF23C30013DD41 /* SGQRCodeScanManager.m in Sources */,
				8EDE17011FFF23C30013DD41 /* UIImage+HqImageCategory.m in Sources */,
				8EDE16E51FFF23C30013DD41 /* IQTitleBarButtonItem.m in Sources */,
				8EDE16FD1FFF23C30013DD41 /* UILabel+ChangeLineSpaceAndWordSpace.m in Sources */,
				8EDE164E1FFF22FF0013DD41 /* AppDelegate.m in Sources */,
				8EDE16E31FFF23C30013DD41 /* IQTextView.m in Sources */,
				8EDE16E81FFF23C30013DD41 /* IQPreviousNextView.m in Sources */,
				8EDE16F21FFF23C30013DD41 /* MBProgressHUD.m in Sources */,
				3334CD7C2000C69500C5EED8 /* HqAddCardInfoVC.m in Sources */,
			);
			runOnlyForDeploymentPostprocessing = 0;
		};
/* End PBXSourcesBuildPhase section */

/* Begin PBXVariantGroup section */
		8EDE16521FFF22FF0013DD41 /* Main.storyboard */ = {
			isa = PBXVariantGroup;
			children = (
				8EDE16531FFF22FF0013DD41 /* Base */,
			);
			name = Main.storyboard;
			sourceTree = "<group>";
		};
		8EDE16571FFF22FF0013DD41 /* LaunchScreen.storyboard */ = {
			isa = PBXVariantGroup;
			children = (
				8EDE16581FFF22FF0013DD41 /* Base */,
			);
			name = LaunchScreen.storyboard;
			sourceTree = "<group>";
		};
/* End PBXVariantGroup section */

/* Begin XCBuildConfiguration section */
		8EDE165D1FFF22FF0013DD41 /* Debug */ = {
			isa = XCBuildConfiguration;
			buildSettings = {
				ALWAYS_SEARCH_USER_PATHS = NO;
				CLANG_ANALYZER_NONNULL = YES;
				CLANG_ANALYZER_NUMBER_OBJECT_CONVERSION = YES_AGGRESSIVE;
				CLANG_CXX_LANGUAGE_STANDARD = "gnu++14";
				CLANG_CXX_LIBRARY = "libc++";
				CLANG_ENABLE_MODULES = YES;
				CLANG_ENABLE_OBJC_ARC = YES;
				CLANG_WARN_BLOCK_CAPTURE_AUTORELEASING = YES;
				CLANG_WARN_BOOL_CONVERSION = YES;
				CLANG_WARN_COMMA = YES;
				CLANG_WARN_CONSTANT_CONVERSION = YES;
				CLANG_WARN_DIRECT_OBJC_ISA_USAGE = YES_ERROR;
				CLANG_WARN_DOCUMENTATION_COMMENTS = YES;
				CLANG_WARN_EMPTY_BODY = YES;
				CLANG_WARN_ENUM_CONVERSION = YES;
				CLANG_WARN_INFINITE_RECURSION = YES;
				CLANG_WARN_INT_CONVERSION = YES;
				CLANG_WARN_NON_LITERAL_NULL_CONVERSION = YES;
				CLANG_WARN_OBJC_LITERAL_CONVERSION = YES;
				CLANG_WARN_OBJC_ROOT_CLASS = YES_ERROR;
				CLANG_WARN_RANGE_LOOP_ANALYSIS = YES;
				CLANG_WARN_STRICT_PROTOTYPES = YES;
				CLANG_WARN_SUSPICIOUS_MOVE = YES;
				CLANG_WARN_UNGUARDED_AVAILABILITY = YES_AGGRESSIVE;
				CLANG_WARN_UNREACHABLE_CODE = YES;
				CLANG_WARN__DUPLICATE_METHOD_MATCH = YES;
				CODE_SIGN_IDENTITY = "iPhone Developer";
				COPY_PHASE_STRIP = NO;
				DEBUG_INFORMATION_FORMAT = dwarf;
				ENABLE_STRICT_OBJC_MSGSEND = YES;
				ENABLE_TESTABILITY = YES;
				GCC_C_LANGUAGE_STANDARD = gnu11;
				GCC_DYNAMIC_NO_PIC = NO;
				GCC_NO_COMMON_BLOCKS = YES;
				GCC_OPTIMIZATION_LEVEL = 0;
				GCC_PREPROCESSOR_DEFINITIONS = (
					"DEBUG=1",
					"$(inherited)",
				);
				GCC_WARN_64_TO_32_BIT_CONVERSION = YES;
				GCC_WARN_ABOUT_RETURN_TYPE = YES_ERROR;
				GCC_WARN_UNDECLARED_SELECTOR = YES;
				GCC_WARN_UNINITIALIZED_AUTOS = YES_AGGRESSIVE;
				GCC_WARN_UNUSED_FUNCTION = YES;
				GCC_WARN_UNUSED_VARIABLE = YES;
				IPHONEOS_DEPLOYMENT_TARGET = 11.2;
				MTL_ENABLE_DEBUG_INFO = YES;
				ONLY_ACTIVE_ARCH = YES;
				SDKROOT = iphoneos;
			};
			name = Debug;
		};
		8EDE165E1FFF22FF0013DD41 /* Release */ = {
			isa = XCBuildConfiguration;
			buildSettings = {
				ALWAYS_SEARCH_USER_PATHS = NO;
				CLANG_ANALYZER_NONNULL = YES;
				CLANG_ANALYZER_NUMBER_OBJECT_CONVERSION = YES_AGGRESSIVE;
				CLANG_CXX_LANGUAGE_STANDARD = "gnu++14";
				CLANG_CXX_LIBRARY = "libc++";
				CLANG_ENABLE_MODULES = YES;
				CLANG_ENABLE_OBJC_ARC = YES;
				CLANG_WARN_BLOCK_CAPTURE_AUTORELEASING = YES;
				CLANG_WARN_BOOL_CONVERSION = YES;
				CLANG_WARN_COMMA = YES;
				CLANG_WARN_CONSTANT_CONVERSION = YES;
				CLANG_WARN_DIRECT_OBJC_ISA_USAGE = YES_ERROR;
				CLANG_WARN_DOCUMENTATION_COMMENTS = YES;
				CLANG_WARN_EMPTY_BODY = YES;
				CLANG_WARN_ENUM_CONVERSION = YES;
				CLANG_WARN_INFINITE_RECURSION = YES;
				CLANG_WARN_INT_CONVERSION = YES;
				CLANG_WARN_NON_LITERAL_NULL_CONVERSION = YES;
				CLANG_WARN_OBJC_LITERAL_CONVERSION = YES;
				CLANG_WARN_OBJC_ROOT_CLASS = YES_ERROR;
				CLANG_WARN_RANGE_LOOP_ANALYSIS = YES;
				CLANG_WARN_STRICT_PROTOTYPES = YES;
				CLANG_WARN_SUSPICIOUS_MOVE = YES;
				CLANG_WARN_UNGUARDED_AVAILABILITY = YES_AGGRESSIVE;
				CLANG_WARN_UNREACHABLE_CODE = YES;
				CLANG_WARN__DUPLICATE_METHOD_MATCH = YES;
				CODE_SIGN_IDENTITY = "iPhone Developer";
				COPY_PHASE_STRIP = NO;
				DEBUG_INFORMATION_FORMAT = "dwarf-with-dsym";
				ENABLE_NS_ASSERTIONS = NO;
				ENABLE_STRICT_OBJC_MSGSEND = YES;
				GCC_C_LANGUAGE_STANDARD = gnu11;
				GCC_NO_COMMON_BLOCKS = YES;
				GCC_WARN_64_TO_32_BIT_CONVERSION = YES;
				GCC_WARN_ABOUT_RETURN_TYPE = YES_ERROR;
				GCC_WARN_UNDECLARED_SELECTOR = YES;
				GCC_WARN_UNINITIALIZED_AUTOS = YES_AGGRESSIVE;
				GCC_WARN_UNUSED_FUNCTION = YES;
				GCC_WARN_UNUSED_VARIABLE = YES;
				IPHONEOS_DEPLOYMENT_TARGET = 11.2;
				MTL_ENABLE_DEBUG_INFO = NO;
				SDKROOT = iphoneos;
				VALIDATE_PRODUCT = YES;
			};
			name = Release;
		};
		8EDE16601FFF22FF0013DD41 /* Debug */ = {
			isa = XCBuildConfiguration;
			baseConfigurationReference = C227BA1B401DEABB839F3D8A /* Pods-QRCode.debug.xcconfig */;
			buildSettings = {
				ASSETCATALOG_COMPILER_APPICON_NAME = AppIcon;
				CODE_SIGN_STYLE = Automatic;
				DEVELOPMENT_TEAM = 34AC3PEMF7;
				GCC_PRECOMPILE_PREFIX_HEADER = YES;
				GCC_PREFIX_HEADER = QRCode/QRCode.pch;
				INFOPLIST_FILE = QRCode/Info.plist;
				IPHONEOS_DEPLOYMENT_TARGET = 8.0;
				LD_RUNPATH_SEARCH_PATHS = "$(inherited) @executable_path/Frameworks";
				PRODUCT_BUNDLE_IDENTIFIER = com.hhq.QRCode;
				PRODUCT_NAME = "$(TARGET_NAME)";
				TARGETED_DEVICE_FAMILY = 1;
			};
			name = Debug;
		};
		8EDE16611FFF22FF0013DD41 /* Release */ = {
			isa = XCBuildConfiguration;
			baseConfigurationReference = 4BD802C28DBA1070B041B7DF /* Pods-QRCode.release.xcconfig */;
			buildSettings = {
				ASSETCATALOG_COMPILER_APPICON_NAME = AppIcon;
				CODE_SIGN_STYLE = Automatic;
				DEVELOPMENT_TEAM = 34AC3PEMF7;
				GCC_PRECOMPILE_PREFIX_HEADER = YES;
				GCC_PREFIX_HEADER = QRCode/QRCode.pch;
				INFOPLIST_FILE = QRCode/Info.plist;
				IPHONEOS_DEPLOYMENT_TARGET = 8.0;
				LD_RUNPATH_SEARCH_PATHS = "$(inherited) @executable_path/Frameworks";
				PRODUCT_BUNDLE_IDENTIFIER = com.hhq.QRCode;
				PRODUCT_NAME = "$(TARGET_NAME)";
				TARGETED_DEVICE_FAMILY = 1;
			};
			name = Release;
		};
/* End XCBuildConfiguration section */

/* Begin XCConfigurationList section */
		8EDE16441FFF22FF0013DD41 /* Build configuration list for PBXProject "QRCode" */ = {
			isa = XCConfigurationList;
			buildConfigurations = (
				8EDE165D1FFF22FF0013DD41 /* Debug */,
				8EDE165E1FFF22FF0013DD41 /* Release */,
			);
			defaultConfigurationIsVisible = 0;
			defaultConfigurationName = Release;
		};
		8EDE165F1FFF22FF0013DD41 /* Build configuration list for PBXNativeTarget "QRCode" */ = {
			isa = XCConfigurationList;
			buildConfigurations = (
				8EDE16601FFF22FF0013DD41 /* Debug */,
				8EDE16611FFF22FF0013DD41 /* Release */,
			);
			defaultConfigurationIsVisible = 0;
			defaultConfigurationName = Release;
		};
/* End XCConfigurationList section */
	};
	rootObject = 8EDE16411FFF22FF0013DD41 /* Project object */;
}
